
Microsoft Visual Studio Solution File, Format Version 12.00
# Visual Studio Version 16
VisualStudioVersion = 16.0.29306.81
MinimumVisualStudioVersion = 10.0.40219.1
Project("{FAE04EC0-301F-11D3-BF4B-00C04F79EFBC}") = "WPFEvents", "WPFEvents\WPFEvents.csproj", "{91AB8D1D-4CAA-4CE9-8D25-0C5E3DEFD69F}"
EndProject
Project("{FAE04EC0-301F-11D3-BF4B-00C04F79EFBC}") = "PlayFieldTest", "PlayFieldTest\PlayFieldTest.csproj", "{D378486A-1377-4C1A-A197-53378E883321}"
EndProject
Global
	GlobalSection(SolutionConfigurationPlatforms) = preSolution
		Debug|Any CPU = Debug|Any CPU
		Release|Any CPU = Release|Any CPU
	EndGlobalSection
	GlobalSection(ProjectConfigurationPlatforms) = postSolution
		{91AB8D1D-4CAA-4CE9-8D25-0C5E3DEFD69F}.Debug|Any CPU.ActiveCfg = Debug|Any CPU
		{91AB8D1D-4CAA-4CE9-8D25-0C5E3DEFD69F}.Debug|Any CPU.Build.0 = Debug|Any CPU
		{91AB8D1D-4CAA-4CE9-8D25-0C5E3DEFD69F}.Release|Any CPU.ActiveCfg = Release|Any CPU
		{91AB8D1D-4CAA-4CE9-8D25-0C5E3DEFD69F}.Release|Any CPU.Build.0 = Release|Any CPU
		{D378486A-1377-4C1A-A197-53378E883321}.Debug|Any CPU.ActiveCfg = Debug|Any CPU
		{D378486A-1377-4C1A-A197-53378E883321}.Debug|Any CPU.Build.0 = Debug|Any CPU
		{D378486A-1377-4C1A-A197-53378E883321}.Release|Any CPU.ActiveCfg = Release|Any CPU
		{D378486A-1377-4C1A-A197-53378E883321}.Release|Any CPU.Build.0 = Release|Any CPU
	EndGlobalSection
	GlobalSection(SolutionProperties) = preSolution
		HideSolutionNode = FALSE
	EndGlobalSection
	GlobalSection(ExtensibilityGlobals) = postSolution
		SolutionGuid = {E1E333F0-6491-4B9F-84FA-4E73AAFBFA61}
	EndGlobalSection
EndGlobal
